
Microsoft Visual Studio Solution File, Format Version 12.00
# Visual Studio Version 17
VisualStudioVersion = 17.14.36511.14 d17.14
MinimumVisualStudioVersion = 10.0.40219.1
Project("{FAE04EC0-301F-11D3-BF4B-00C04F79EFBC}") = "HospitalManagementSystem", "HospitalManagementSystem\HospitalManagementSystem.csproj", "{B8723C6D-9827-4587-B5C7-BE09BCA4234A}"
EndProject
Project("{FAE04EC0-301F-11D3-BF4B-00C04F79EFBC}") = "HospitalManagementTests", "..\HospitalManagementTests\HospitalManagementTests.csproj", "{8AC55A79-C6C1-C48E-25BA-23FA641533BC}"
EndProject
Global
	GlobalSection(SolutionConfigurationPlatforms) = preSolution
		Debug|Any CPU = Debug|Any CPU
		Release|Any CPU = Release|Any CPU
	EndGlobalSection
	GlobalSection(ProjectConfigurationPlatforms) = postSolution
		{B8723C6D-9827-4587-B5C7-BE09BCA4234A}.Debug|Any CPU.ActiveCfg = Debug|Any CPU
		{B8723C6D-9827-4587-B5C7-BE09BCA4234A}.Debug|Any CPU.Build.0 = Debug|Any CPU
		{B8723C6D-9827-4587-B5C7-BE09BCA4234A}.Release|Any CPU.ActiveCfg = Release|Any CPU
		{B8723C6D-9827-4587-B5C7-BE09BCA4234A}.Release|Any CPU.Build.0 = Release|Any CPU
		{8AC55A79-C6C1-C48E-25BA-23FA641533BC}.Debug|Any CPU.ActiveCfg = Debug|Any CPU
		{8AC55A79-C6C1-C48E-25BA-23FA641533BC}.Debug|Any CPU.Build.0 = Debug|Any CPU
		{8AC55A79-C6C1-C48E-25BA-23FA641533BC}.Release|Any CPU.ActiveCfg = Release|Any CPU
		{8AC55A79-C6C1-C48E-25BA-23FA641533BC}.Release|Any CPU.Build.0 = Release|Any CPU
	EndGlobalSection
	GlobalSection(SolutionProperties) = preSolution
		HideSolutionNode = FALSE
	EndGlobalSection
	GlobalSection(ExtensibilityGlobals) = postSolution
		SolutionGuid = {D18745A0-009A-43BB-9F80-997FF310F0ED}
	EndGlobalSection
EndGlobal
