
Microsoft Visual Studio Solution File, Format Version 12.00
# Visual Studio Version 17
VisualStudioVersion = 17.14.36908.2 d17.14
MinimumVisualStudioVersion = 10.0.40219.1
Project("{FAE04EC0-301F-11D3-BF4B-00C04F79EFBC}") = "pr_4", "pr_4\pr_4.csproj", "{8F2B7CDA-1EE9-46CE-AB78-D4BB369C0A95}"
EndProject
Global
	GlobalSection(SolutionConfigurationPlatforms) = preSolution
		Debug|Any CPU = Debug|Any CPU
		Release|Any CPU = Release|Any CPU
	EndGlobalSection
	GlobalSection(ProjectConfigurationPlatforms) = postSolution
		{8F2B7CDA-1EE9-46CE-AB78-D4BB369C0A95}.Debug|Any CPU.ActiveCfg = Debug|Any CPU
		{8F2B7CDA-1EE9-46CE-AB78-D4BB369C0A95}.Debug|Any CPU.Build.0 = Debug|Any CPU
		{8F2B7CDA-1EE9-46CE-AB78-D4BB369C0A95}.Release|Any CPU.ActiveCfg = Release|Any CPU
		{8F2B7CDA-1EE9-46CE-AB78-D4BB369C0A95}.Release|Any CPU.Build.0 = Release|Any CPU
	EndGlobalSection
	GlobalSection(SolutionProperties) = preSolution
		HideSolutionNode = FALSE
	EndGlobalSection
	GlobalSection(ExtensibilityGlobals) = postSolution
		SolutionGuid = {DD8A8476-618C-4FB3-AEFD-A2E22D65C300}
	EndGlobalSection
EndGlobal
